
Microsoft Visual Studio Solution File, Format Version 12.00
# Visual Studio Version 17
VisualStudioVersion = 17.14.37111.16
MinimumVisualStudioVersion = 10.0.40219.1
Project("{FAE04EC0-301F-11D3-BF4B-00C04F79EFBC}") = "Task2 Car", "Task2 Car\Task2 Car.csproj", "{7EE819A1-2942-41B1-99AD-64C6AFF3AF0A}"
EndProject
Project("{FAE04EC0-301F-11D3-BF4B-00C04F79EFBC}") = "Task4 Inheritance Animal", "Task4 Inheritance Animal\Task4 Inheritance Animal.csproj", "{355ACB86-B5E4-4A8E-9E5C-480A4DE0ADDA}"
EndProject
Project("{FAE04EC0-301F-11D3-BF4B-00C04F79EFBC}") = "Task5 InheritanceEmployee", "Task5 InheritanceEmployee\Task5 InheritanceEmployee.csproj", "{8B3D2781-5AD1-42A5-BE15-B1F355B3BBBF}"
EndProject
Project("{FAE04EC0-301F-11D3-BF4B-00C04F79EFBC}") = "Task6 InterfacePrintable", "Task6 InterfacePrintable\Task6 InterfacePrintable.csproj", "{E2F15FA7-7D84-4A36-B199-8E3E55DE4143}"
EndProject
Project("{FAE04EC0-301F-11D3-BF4B-00C04F79EFBC}") = "Task7 InterfaceIMovable", "Task7 InterfaceIMovable\Task7 InterfaceIMovable.csproj", "{D2C400AD-C4A8-462B-81A3-60780994C7AE}"
EndProject
Project("{FAE04EC0-301F-11D3-BF4B-00C04F79EFBC}") = "Task8 InheritanceShapeVirtual", "Task8 InheritanceShape\Task8 InheritanceShapeVirtual.csproj", "{4F1F60EA-B28F-4314-93E0-357DA80B269B}"
EndProject
Project("{FAE04EC0-301F-11D3-BF4B-00C04F79EFBC}") = "Task9 InterfacesIFlyableISwimmable", "Task9 InterfacesIFlyableISwimmable\Task9 InterfacesIFlyableISwimmable.csproj", "{77BAAACF-E440-498C-82ED-CC51AA12F524}"
EndProject
Project("{FAE04EC0-301F-11D3-BF4B-00C04F79EFBC}") = "Task8 InheritanceShapeAbstract", "Task8InheritanceShapeAbstract\Task8 InheritanceShapeAbstract.csproj", "{DD55D95F-4B43-43F7-BE1E-1455251E30FA}"
EndProject
Project("{FAE04EC0-301F-11D3-BF4B-00C04F79EFBC}") = "Task3 ConstructorBook", "Task3 ConstructorBook\Task3 ConstructorBook.csproj", "{E147D7E2-3760-5FD4-820A-9B577165918B}"
EndProject
Project("{FAE04EC0-301F-11D3-BF4B-00C04F79EFBC}") = "Task1 Person", "Task1 Person\Task1 Person.csproj", "{20C606C8-9162-E041-51F7-AE6B6722E53D}"
EndProject
Global
	GlobalSection(SolutionConfigurationPlatforms) = preSolution
		Debug|Any CPU = Debug|Any CPU
		Release|Any CPU = Release|Any CPU
	EndGlobalSection
	GlobalSection(ProjectConfigurationPlatforms) = postSolution
		{7EE819A1-2942-41B1-99AD-64C6AFF3AF0A}.Debug|Any CPU.ActiveCfg = Debug|Any CPU
		{7EE819A1-2942-41B1-99AD-64C6AFF3AF0A}.Debug|Any CPU.Build.0 = Debug|Any CPU
		{7EE819A1-2942-41B1-99AD-64C6AFF3AF0A}.Release|Any CPU.ActiveCfg = Release|Any CPU
		{7EE819A1-2942-41B1-99AD-64C6AFF3AF0A}.Release|Any CPU.Build.0 = Release|Any CPU
		{355ACB86-B5E4-4A8E-9E5C-480A4DE0ADDA}.Debug|Any CPU.ActiveCfg = Debug|Any CPU
		{355ACB86-B5E4-4A8E-9E5C-480A4DE0ADDA}.Debug|Any CPU.Build.0 = Debug|Any CPU
		{355ACB86-B5E4-4A8E-9E5C-480A4DE0ADDA}.Release|Any CPU.ActiveCfg = Release|Any CPU
		{355ACB86-B5E4-4A8E-9E5C-480A4DE0ADDA}.Release|Any CPU.Build.0 = Release|Any CPU
		{8B3D2781-5AD1-42A5-BE15-B1F355B3BBBF}.Debug|Any CPU.ActiveCfg = Debug|Any CPU
		{8B3D2781-5AD1-42A5-BE15-B1F355B3BBBF}.Debug|Any CPU.Build.0 = Debug|Any CPU
		{8B3D2781-5AD1-42A5-BE15-B1F355B3BBBF}.Release|Any CPU.ActiveCfg = Release|Any CPU
		{8B3D2781-5AD1-42A5-BE15-B1F355B3BBBF}.Release|Any CPU.Build.0 = Release|Any CPU
		{E2F15FA7-7D84-4A36-B199-8E3E55DE4143}.Debug|Any CPU.ActiveCfg = Debug|Any CPU
		{E2F15FA7-7D84-4A36-B199-8E3E55DE4143}.Debug|Any CPU.Build.0 = Debug|Any CPU
		{E2F15FA7-7D84-4A36-B199-8E3E55DE4143}.Release|Any CPU.ActiveCfg = Release|Any CPU
		{E2F15FA7-7D84-4A36-B199-8E3E55DE4143}.Release|Any CPU.Build.0 = Release|Any CPU
		{D2C400AD-C4A8-462B-81A3-60780994C7AE}.Debug|Any CPU.ActiveCfg = Debug|Any CPU
		{D2C400AD-C4A8-462B-81A3-60780994C7AE}.Debug|Any CPU.Build.0 = Debug|Any CPU
		{D2C400AD-C4A8-462B-81A3-60780994C7AE}.Release|Any CPU.ActiveCfg = Release|Any CPU
		{D2C400AD-C4A8-462B-81A3-60780994C7AE}.Release|Any CPU.Build.0 = Release|Any CPU
		{4F1F60EA-B28F-4314-93E0-357DA80B269B}.Debug|Any CPU.ActiveCfg = Debug|Any CPU
		{4F1F60EA-B28F-4314-93E0-357DA80B269B}.Debug|Any CPU.Build.0 = Debug|Any CPU
		{4F1F60EA-B28F-4314-93E0-357DA80B269B}.Release|Any CPU.ActiveCfg = Release|Any CPU
		{4F1F60EA-B28F-4314-93E0-357DA80B269B}.Release|Any CPU.Build.0 = Release|Any CPU
		{77BAAACF-E440-498C-82ED-CC51AA12F524}.Debug|Any CPU.ActiveCfg = Debug|Any CPU
		{77BAAACF-E440-498C-82ED-CC51AA12F524}.Debug|Any CPU.Build.0 = Debug|Any CPU
		{77BAAACF-E440-498C-82ED-CC51AA12F524}.Release|Any CPU.ActiveCfg = Release|Any CPU
		{77BAAACF-E440-498C-82ED-CC51AA12F524}.Release|Any CPU.Build.0 = Release|Any CPU
		{DD55D95F-4B43-43F7-BE1E-1455251E30FA}.Debug|Any CPU.ActiveCfg = Debug|Any CPU
		{DD55D95F-4B43-43F7-BE1E-1455251E30FA}.Debug|Any CPU.Build.0 = Debug|Any CPU
		{DD55D95F-4B43-43F7-BE1E-1455251E30FA}.Release|Any CPU.ActiveCfg = Release|Any CPU
		{DD55D95F-4B43-43F7-BE1E-1455251E30FA}.Release|Any CPU.Build.0 = Release|Any CPU
		{E147D7E2-3760-5FD4-820A-9B577165918B}.Debug|Any CPU.ActiveCfg = Debug|Any CPU
		{E147D7E2-3760-5FD4-820A-9B577165918B}.Debug|Any CPU.Build.0 = Debug|Any CPU
		{E147D7E2-3760-5FD4-820A-9B577165918B}.Release|Any CPU.ActiveCfg = Release|Any CPU
		{E147D7E2-3760-5FD4-820A-9B577165918B}.Release|Any CPU.Build.0 = Release|Any CPU
		{20C606C8-9162-E041-51F7-AE6B6722E53D}.Debug|Any CPU.ActiveCfg = Debug|Any CPU
		{20C606C8-9162-E041-51F7-AE6B6722E53D}.Debug|Any CPU.Build.0 = Debug|Any CPU
		{20C606C8-9162-E041-51F7-AE6B6722E53D}.Release|Any CPU.ActiveCfg = Release|Any CPU
		{20C606C8-9162-E041-51F7-AE6B6722E53D}.Release|Any CPU.Build.0 = Release|Any CPU
	EndGlobalSection
	GlobalSection(SolutionProperties) = preSolution
		HideSolutionNode = FALSE
	EndGlobalSection
	GlobalSection(ExtensibilityGlobals) = postSolution
		SolutionGuid = {E3C660B3-5576-45F3-9905-B07A8B3AFDE8}
	EndGlobalSection
EndGlobal
